Microsoft Visual Studio Solution File, Format Version 12.00
# Visual Studio Version 17
VisualStudioVersion = 17.14.36127.28
MinimumVisualStudioVersion = 10.0.40219.1
Project("{FAE04EC0-301F-11D3-BF4B-00C04F79EFBC}") = "Auth", "Auth.csproj", "{5A0F263F-B36E-4A47-9DE7-3B521F8A8F7E}"
EndProject
Global
    GlobalSection(SolutionConfigurationPlatforms) = preSolution
        Debug|Any CPU = Debug|Any CPU
        Release|Any CPU = Release|Any CPU
    EndGlobalSection
    GlobalSection(ProjectConfigurationPlatforms) = postSolution
        {5A0F263F-B36E-4A47-9DE7-3B521F8A8F7E}.Debug|Any CPU.ActiveCfg = Debug|Any CPU
        {5A0F263F-B36E-4A47-9DE7-3B521F8A8F7E}.Debug|Any CPU.Build.0 = Debug|Any CPU
        {5A0F263F-B36E-4A47-9DE7-3B521F8A8F7E}.Release|Any CPU.ActiveCfg = Release|Any CPU
        {5A0F263F-B36E-4A47-9DE7-3B521F8A8F7E}.Release|Any CPU.Build.0 = Release|Any CPU
    EndGlobalSection
    GlobalSection(SolutionProperties) = preSolution
        HideSolutionNode = FALSE
    EndGlobalSection
    GlobalSection(ExtensibilityGlobals) = postSolution
        SolutionGuid = {383A2898-AD18-4AA6-8225-BE079CDEB705}
    EndGlobalSection
EndGlobal
